// !$*UTF8*$!
{
	archiveVersion = 1;
	classes = {
	};
	objectVersion = 46;
	objects = {

/* Begin PBXBuildFile section */
		9433F69217DFFB9C001B1AD3 /* OFFLINEStopDetails.m in Sources */ = {isa = PBXBuildFile; fileRef = 9433F69117DFFB9C001B1AD3 /* OFFLINEStopDetails.m */; };
		9433F69517E13F17001B1AD3 /* UIBorderLabel.m in Sources */ = {isa = PBXBuildFile; fileRef = 9433F69417E13F17001B1AD3 /* UIBorderLabel.m */; };
		9433F6A217E23897001B1AD3 /* OFFLINEPlaceCell.m in Sources */ = {isa = PBXBuildFile; fileRef = 9433F6A117E23897001B1AD3 /* OFFLINEPlaceCell.m */; };
		945DA89917DE7EF300AB285F /* UIButtonHightlight.m in Sources */ = {isa = PBXBuildFile; fileRef = 945DA89817DE7EF300AB285F /* UIButtonHightlight.m */; };
		945DA89C17DE81A900AB285F /* OFFLINESearchResultsViewController.m in Sources */ = {isa = PBXBuildFile; fileRef = 945DA89B17DE81A900AB285F /* OFFLINESearchResultsViewController.m */; };
		C519DB3517DD809600438E4E /* FontAwesome.ttf in Resources */ = {isa = PBXBuildFile; fileRef = C519DB3217DD809600438E4E /* FontAwesome.ttf */; };
		C519DB3617DD809600438E4E /* NSString+FontAwesome.m in Sources */ = {isa = PBXBuildFile; fileRef = C519DB3417DD809600438E4E /* NSString+FontAwesome.m */; };
		C5596DB617BD3CDF00EB9740 /* Foundation.framework in Frameworks */ = {isa = PBXBuildFile; fileRef = C5596DB517BD3CDF00EB9740 /* Foundation.framework */; };
		C5596DB817BD3CDF00EB9740 /* CoreGraphics.framework in Frameworks */ = {isa = PBXBuildFile; fileRef = C5596DB717BD3CDF00EB9740 /* CoreGraphics.framework */; };
		C5596DBA17BD3CDF00EB9740 /* UIKit.framework in Frameworks */ = {isa = PBXBuildFile; fileRef = C5596DB917BD3CDF00EB9740 /* UIKit.framework */; };
		C5596DC017BD3CDF00EB9740 /* InfoPlist.strings in Resources */ = {isa = PBXBuildFile; fileRef = C5596DBE17BD3CDF00EB9740 /* InfoPlist.strings */; };
		C5596DC217BD3CDF00EB9740 /* main.m in Sources */ = {isa = PBXBuildFile; fileRef = C5596DC117BD3CDF00EB9740 /* main.m */; };
		C5596DC617BD3CDF00EB9740 /* OFFLINEAppDelegate.m in Sources */ = {isa = PBXBuildFile; fileRef = C5596DC517BD3CDF00EB9740 /* OFFLINEAppDelegate.m */; };
		C5596DC917BD3CDF00EB9740 /* Main.storyboard in Resources */ = {isa = PBXBuildFile; fileRef = C5596DC717BD3CDF00EB9740 /* Main.storyboard */; };
		C5596DCC17BD3CDF00EB9740 /* OFFLINEViewController.m in Sources */ = {isa = PBXBuildFile; fileRef = C5596DCB17BD3CDF00EB9740 /* OFFLINEViewController.m */; };
		C5596DCE17BD3CDF00EB9740 /* Images.xcassets in Resources */ = {isa = PBXBuildFile; fileRef = C5596DCD17BD3CDF00EB9740 /* Images.xcassets */; };
		C5596DD517BD3CDF00EB9740 /* XCTest.framework in Frameworks */ = {isa = PBXBuildFile; fileRef = C5596DD417BD3CDF00EB9740 /* XCTest.framework */; };
		C5596DD617BD3CDF00EB9740 /* Foundation.framework in Frameworks */ = {isa = PBXBuildFile; fileRef = C5596DB517BD3CDF00EB9740 /* Foundation.framework */; };
		C5596DD717BD3CDF00EB9740 /* UIKit.framework in Frameworks */ = {isa = PBXBuildFile; fileRef = C5596DB917BD3CDF00EB9740 /* UIKit.framework */; };
		C5596DDF17BD3CDF00EB9740 /* InfoPlist.strings in Resources */ = {isa = PBXBuildFile; fileRef = C5596DDD17BD3CDF00EB9740 /* InfoPlist.strings */; };
		C5596DE117BD3CDF00EB9740 /* offline_iosTests.m in Sources */ = {isa = PBXBuildFile; fileRef = C5596DE017BD3CDF00EB9740 /* offline_iosTests.m */; };
		C5596E0117BD3E8100EB9740 /* SBJsonParser.m in Sources */ = {isa = PBXBuildFile; fileRef = C5596DEE17BD3E8100EB9740 /* SBJsonParser.m */; };
		C5596E0217BD3E8100EB9740 /* SBJsonStreamParser.m in Sources */ = {isa = PBXBuildFile; fileRef = C5596DF017BD3E8100EB9740 /* SBJsonStreamParser.m */; };
		C5596E0317BD3E8100EB9740 /* SBJsonStreamParserAccumulator.m in Sources */ = {isa = PBXBuildFile; fileRef = C5596DF217BD3E8100EB9740 /* SBJsonStreamParserAccumulator.m */; };
		C5596E0417BD3E8100EB9740 /* SBJsonStreamParserAdapter.m in Sources */ = {isa = PBXBuildFile; fileRef = C5596DF417BD3E8100EB9740 /* SBJsonStreamParserAdapter.m */; };
		C5596E0517BD3E8100EB9740 /* SBJsonStreamParserState.m in Sources */ = {isa = PBXBuildFile; fileRef = C5596DF617BD3E8100EB9740 /* SBJsonStreamParserState.m */; };
		C5596E0617BD3E8100EB9740 /* SBJsonStreamTokeniser.m in Sources */ = {isa = PBXBuildFile; fileRef = C5596DF817BD3E8100EB9740 /* SBJsonStreamTokeniser.m */; };
		C5596E0717BD3E8100EB9740 /* SBJsonStreamWriter.m in Sources */ = {isa = PBXBuildFile; fileRef = C5596DFA17BD3E8100EB9740 /* SBJsonStreamWriter.m */; };
		C5596E0817BD3E8100EB9740 /* SBJsonStreamWriterAccumulator.m in Sources */ = {isa = PBXBuildFile; fileRef = C5596DFC17BD3E8100EB9740 /* SBJsonStreamWriterAccumulator.m */; };
		C5596E0917BD3E8100EB9740 /* SBJsonStreamWriterState.m in Sources */ = {isa = PBXBuildFile; fileRef = C5596DFE17BD3E8100EB9740 /* SBJsonStreamWriterState.m */; };
		C5596E0A17BD3E8100EB9740 /* SBJsonWriter.m in Sources */ = {isa = PBXBuildFile; fileRef = C5596E0017BD3E8100EB9740 /* SBJsonWriter.m */; };
		C5596E1017C2DDDC00EB9740 /* OFFLINELineCell.m in Sources */ = {isa = PBXBuildFile; fileRef = C5596E0F17C2DDDC00EB9740 /* OFFLINELineCell.m */; };
		C5A1939317DAD78E0029E830 /* OFFLINELineData.m in Sources */ = {isa = PBXBuildFile; fileRef = C5A1939217DAD78E0029E830 /* OFFLINELineData.m */; };
/* End PBXBuildFile section */

/* Begin PBXContainerItemProxy section */
		C5596DD817BD3CDF00EB9740 /* PBXContainerItemProxy */ = {
			isa = PBXContainerItemProxy;
			containerPortal = C5596DAA17BD3CDF00EB9740 /* Project object */;
			proxyType = 1;
			remoteGlobalIDString = C5596DB117BD3CDF00EB9740;
			remoteInfo = offline_ios;
		};
/* End PBXContainerItemProxy section */

/* Begin PBXFileReference section */
		9433F69017DFFB9C001B1AD3 /* OFFLINEStopDetails.h */ = {isa = PBXFileReference; fileEncoding = 4; lastKnownFileType = sourcecode.c.h; path = OFFLINEStopDetails.h; sourceTree = "<group>"; };
		9433F69117DFFB9C001B1AD3 /* OFFLINEStopDetails.m */ = {isa = PBXFileReference; fileEncoding = 4; lastKnownFileType = sourcecode.c.objc; path = OFFLINEStopDetails.m; sourceTree = "<group>"; };
		9433F69317E13F17001B1AD3 /* UIBorderLabel.h */ = {isa = PBXFileReference; fileEncoding = 4; lastKnownFileType = sourcecode.c.h; path = UIBorderLabel.h; sourceTree = "<group>"; };
		9433F69417E13F17001B1AD3 /* UIBorderLabel.m */ = {isa = PBXFileReference; fileEncoding = 4; lastKnownFileType = sourcecode.c.objc; path = UIBorderLabel.m; sourceTree = "<group>"; };
		9433F6A017E23897001B1AD3 /* OFFLINEPlaceCell.h */ = {isa = PBXFileReference; fileEncoding = 4; lastKnownFileType = sourcecode.c.h; path = OFFLINEPlaceCell.h; sourceTree = "<group>"; };
		9433F6A117E23897001B1AD3 /* OFFLINEPlaceCell.m */ = {isa = PBXFileReference; fileEncoding = 4; lastKnownFileType = sourcecode.c.objc; path = OFFLINEPlaceCell.m; sourceTree = "<group>"; };
		945DA89717DE7EF300AB285F /* UIButtonHightlight.h */ = {isa = PBXFileReference; fileEncoding = 4; lastKnownFileType = sourcecode.c.h; path = UIButtonHightlight.h; sourceTree = "<group>"; };
		945DA89817DE7EF300AB285F /* UIButtonHightlight.m */ = {isa = PBXFileReference; fileEncoding = 4; lastKnownFileType = sourcecode.c.objc; path = UIButtonHightlight.m; sourceTree = "<group>"; };
		945DA89A17DE81A900AB285F /* OFFLINESearchResultsViewController.h */ = {isa = PBXFileReference; fileEncoding = 4; lastKnownFileType = sourcecode.c.h; path = OFFLINESearchResultsViewController.h; sourceTree = "<group>"; };
		945DA89B17DE81A900AB285F /* OFFLINESearchResultsViewController.m */ = {isa = PBXFileReference; fileEncoding = 4; lastKnownFileType = sourcecode.c.objc; path = OFFLINESearchResultsViewController.m; sourceTree = "<group>"; };
		C519DB3217DD809600438E4E /* FontAwesome.ttf */ = {isa = PBXFileReference; lastKnownFileType = file; name = FontAwesome.ttf; path = fontawesome/FontAwesome.ttf; sourceTree = "<group>"; };
		C519DB3317DD809600438E4E /* NSString+FontAwesome.h */ = {isa = PBXFileReference; fileEncoding = 4; lastKnownFileType = sourcecode.c.h; name = "NSString+FontAwesome.h"; path = "fontawesome/NSString+FontAwesome.h"; sourceTree = "<group>"; };
		C519DB3417DD809600438E4E /* NSString+FontAwesome.m */ = {isa = PBXFileReference; fileEncoding = 4; lastKnownFileType = sourcecode.c.objc; name = "NSString+FontAwesome.m"; path = "fontawesome/NSString+FontAwesome.m"; sourceTree = "<group>"; };
		C5596DB217BD3CDF00EB9740 /* offline_ios.app */ = {isa = PBXFileReference; explicitFileType = wrapper.application; includeInIndex = 0; path = offline_ios.app; sourceTree = BUILT_PRODUCTS_DIR; };
		C5596DB517BD3CDF00EB9740 /* Foundation.framework */ = {isa = PBXFileReference; lastKnownFileType = wrapper.framework; name = Foundation.framework; path = System/Library/Frameworks/Foundation.framework; sourceTree = SDKROOT; };
		C5596DB717BD3CDF00EB9740 /* CoreGraphics.framework */ = {isa = PBXFileReference; lastKnownFileType = wrapper.framework; name = CoreGraphics.framework; path = System/Library/Frameworks/CoreGraphics.framework; sourceTree = SDKROOT; };
		C5596DB917BD3CDF00EB9740 /* UIKit.framework */ = {isa = PBXFileReference; lastKnownFileType = wrapper.framework; name = UIKit.framework; path = System/Library/Frameworks/UIKit.framework; sourceTree = SDKROOT; };
		C5596DBD17BD3CDF00EB9740 /* offline_ios-Info.plist */ = {isa = PBXFileReference; lastKnownFileType = text.plist.xml; path = "offline_ios-Info.plist"; sourceTree = "<group>"; };
		C5596DBF17BD3CDF00EB9740 /* en */ = {isa = PBXFileReference; lastKnownFileType = text.plist.strings; name = en; path = en.lproj/InfoPlist.strings; sourceTree = "<group>"; };
		C5596DC117BD3CDF00EB9740 /* main.m */ = {isa = PBXFileReference; lastKnownFileType = sourcecode.c.objc; path = main.m; sourceTree = "<group>"; };
		C5596DC317BD3CDF00EB9740 /* offline_ios-Prefix.pch */ = {isa = PBXFileReference; lastKnownFileType = sourcecode.c.h; path = "offline_ios-Prefix.pch"; sourceTree = "<group>"; };
		C5596DC417BD3CDF00EB9740 /* OFFLINEAppDelegate.h */ = {isa = PBXFileReference; lastKnownFileType = sourcecode.c.h; path = OFFLINEAppDelegate.h; sourceTree = "<group>"; };
		C5596DC517BD3CDF00EB9740 /* OFFLINEAppDelegate.m */ = {isa = PBXFileReference; lastKnownFileType = sourcecode.c.objc; path = OFFLINEAppDelegate.m; sourceTree = "<group>"; };
		C5596DC817BD3CDF00EB9740 /* Base */ = {isa = PBXFileReference; lastKnownFileType = file.storyboard; name = Base; path = Base.lproj/Main.storyboard; sourceTree = "<group>"; };
		C5596DCA17BD3CDF00EB9740 /* OFFLINEViewController.h */ = {isa = PBXFileReference; lastKnownFileType = sourcecode.c.h; path = OFFLINEViewController.h; sourceTree = "<group>"; };
		C5596DCB17BD3CDF00EB9740 /* OFFLINEViewController.m */ = {isa = PBXFileReference; lastKnownFileType = sourcecode.c.objc; path = OFFLINEViewController.m; sourceTree = "<group>"; };
		C5596DCD17BD3CDF00EB9740 /* Images.xcassets */ = {isa = PBXFileReference; lastKnownFileType = folder.assetcatalog; path = Images.xcassets; sourceTree = "<group>"; };
		C5596DD317BD3CDF00EB9740 /* offline_iosTests.xctest */ = {isa = PBXFileReference; explicitFileType = wrapper.cfbundle; includeInIndex = 0; path = offline_iosTests.xctest; sourceTree = BUILT_PRODUCTS_DIR; };
		C5596DD417BD3CDF00EB9740 /* XCTest.framework */ = {isa = PBXFileReference; lastKnownFileType = wrapper.framework; name = XCTest.framework; path = Library/Frameworks/XCTest.framework; sourceTree = DEVELOPER_DIR; };
		C5596DDC17BD3CDF00EB9740 /* offline_iosTests-Info.plist */ = {isa = PBXFileReference; lastKnownFileType = text.plist.xml; path = "offline_iosTests-Info.plist"; sourceTree = "<group>"; };
		C5596DDE17BD3CDF00EB9740 /* en */ = {isa = PBXFileReference; lastKnownFileType = text.plist.strings; name = en; path = en.lproj/InfoPlist.strings; sourceTree = "<group>"; };
		C5596DE017BD3CDF00EB9740 /* offline_iosTests.m */ = {isa = PBXFileReference; lastKnownFileType = sourcecode.c.objc; path = offline_iosTests.m; sourceTree = "<group>"; };
		C5596DEC17BD3E8100EB9740 /* SBJson.h */ = {isa = PBXFileReference; fileEncoding = 4; lastKnownFileType = sourcecode.c.h; path = SBJson.h; sourceTree = "<group>"; };
		C5596DED17BD3E8100EB9740 /* SBJsonParser.h */ = {isa = PBXFileReference; fileEncoding = 4; lastKnownFileType = sourcecode.c.h; path = SBJsonParser.h; sourceTree = "<group>"; };
		C5596DEE17BD3E8100EB9740 /* SBJsonParser.m */ = {isa = PBXFileReference; fileEncoding = 4; lastKnownFileType = sourcecode.c.objc; path = SBJsonParser.m; sourceTree = "<group>"; };
		C5596DEF17BD3E8100EB9740 /* SBJsonStreamParser.h */ = {isa = PBXFileReference; fileEncoding = 4; lastKnownFileType = sourcecode.c.h; path = SBJsonStreamParser.h; sourceTree = "<group>"; };
		C5596DF017BD3E8100EB9740 /* SBJsonStreamParser.m */ = {isa = PBXFileReference; fileEncoding = 4; lastKnownFileType = sourcecode.c.objc; path = SBJsonStreamParser.m; sourceTree = "<group>"; };
		C5596DF117BD3E8100EB9740 /* SBJsonStreamParserAccumulator.h */ = {isa = PBXFileReference; fileEncoding = 4; lastKnownFileType = sourcecode.c.h; path = SBJsonStreamParserAccumulator.h; sourceTree = "<group>"; };
		C5596DF217BD3E8100EB9740 /* SBJsonStreamParserAccumulator.m */ = {isa = PBXFileReference; fileEncoding = 4; lastKnownFileType = sourcecode.c.objc; path = SBJsonStreamParserAccumulator.m; sourceTree = "<group>"; };
		C5596DF317BD3E8100EB9740 /* SBJsonStreamParserAdapter.h */ = {isa = PBXFileReference; fileEncoding = 4; lastKnownFileType = sourcecode.c.h; path = SBJsonStreamParserAdapter.h; sourceTree = "<group>"; };
		C5596DF417BD3E8100EB9740 /* SBJsonStreamParserAdapter.m */ = {isa = PBXFileReference; fileEncoding = 4; lastKnownFileType = sourcecode.c.objc; path = SBJsonStreamParserAdapter.m; sourceTree = "<group>"; };
		C5596DF517BD3E8100EB9740 /* SBJsonStreamParserState.h */ = {isa = PBXFileReference; fileEncoding = 4; lastKnownFileType = sourcecode.c.h; path = SBJsonStreamParserState.h; sourceTree = "<group>"; };
		C5596DF617BD3E8100EB9740 /* SBJsonStreamParserState.m */ = {isa = PBXFileReference; fileEncoding = 4; lastKnownFileType = sourcecode.c.objc; path = SBJsonStreamParserState.m; sourceTree = "<group>"; };
		C5596DF717BD3E8100EB9740 /* SBJsonStreamTokeniser.h */ = {isa = PBXFileReference; fileEncoding = 4; lastKnownFileType = sourcecode.c.h; path = SBJsonStreamTokeniser.h; sourceTree = "<group>"; };
		C5596DF817BD3E8100EB9740 /* SBJsonStreamTokeniser.m */ = {isa = PBXFileReference; fileEncoding = 4; lastKnownFileType = sourcecode.c.objc; path = SBJsonStreamTokeniser.m; sourceTree = "<group>"; };
		C5596DF917BD3E8100EB9740 /* SBJsonStreamWriter.h */ = {isa = PBXFileReference; fileEncoding = 4; lastKnownFileType = sourcecode.c.h; path = SBJsonStreamWriter.h; sourceTree = "<group>"; };
		C5596DFA17BD3E8100EB9740 /* SBJsonStreamWriter.m */ = {isa = PBXFileReference; fileEncoding = 4; lastKnownFileType = sourcecode.c.objc; path = SBJsonStreamWriter.m; sourceTree = "<group>"; };
		C5596DFB17BD3E8100EB9740 /* SBJsonStreamWriterAccumulator.h */ = {isa = PBXFileReference; fileEncoding = 4; lastKnownFileType = sourcecode.c.h; path = SBJsonStreamWriterAccumulator.h; sourceTree = "<group>"; };
		C5596DFC17BD3E8100EB9740 /* SBJsonStreamWriterAccumulator.m */ = {isa = PBXFileReference; fileEncoding = 4; lastKnownFileType = sourcecode.c.objc; path = SBJsonStreamWriterAccumulator.m; sourceTree = "<group>"; };
		C5596DFD17BD3E8100EB9740 /* SBJsonStreamWriterState.h */ = {isa = PBXFileReference; fileEncoding = 4; lastKnownFileType = sourcecode.c.h; path = SBJsonStreamWriterState.h; sourceTree = "<group>"; };
		C5596DFE17BD3E8100EB9740 /* SBJsonStreamWriterState.m */ = {isa = PBXFileReference; fileEncoding = 4; lastKnownFileType = sourcecode.c.objc; path = SBJsonStreamWriterState.m; sourceTree = "<group>"; };
		C5596DFF17BD3E8100EB9740 /* SBJsonWriter.h */ = {isa = PBXFileReference; fileEncoding = 4; lastKnownFileType = sourcecode.c.h; path = SBJsonWriter.h; sourceTree = "<group>"; };
		C5596E0017BD3E8100EB9740 /* SBJsonWriter.m */ = {isa = PBXFileReference; fileEncoding = 4; lastKnownFileType = sourcecode.c.objc; path = SBJsonWriter.m; sourceTree = "<group>"; };
		C5596E0E17C2DDDC00EB9740 /* OFFLINELineCell.h */ = {isa = PBXFileReference; fileEncoding = 4; lastKnownFileType = sourcecode.c.h; path = OFFLINELineCell.h; sourceTree = "<group>"; };
		C5596E0F17C2DDDC00EB9740 /* OFFLINELineCell.m */ = {isa = PBXFileReference; fileEncoding = 4; lastKnownFileType = sourcecode.c.objc; path = OFFLINELineCell.m; sourceTree = "<group>"; };
		C5A1939117DAD78E0029E830 /* OFFLINELineData.h */ = {isa = PBXFileReference; fileEncoding = 4; lastKnownFileType = sourcecode.c.h; path = OFFLINELineData.h; sourceTree = "<group>"; };
		C5A1939217DAD78E0029E830 /* OFFLINELineData.m */ = {isa = PBXFileReference; fileEncoding = 4; lastKnownFileType = sourcecode.c.objc; path = OFFLINELineData.m; sourceTree = "<group>"; };
/* End PBXFileReference section */

/* Begin PBXFrameworksBuildPhase section */
		C5596DAF17BD3CDF00EB9740 /* Frameworks */ = {
			isa = PBXFrameworksBuildPhase;
			buildActionMask = 2147483647;
			files = (
				C5596DB817BD3CDF00EB9740 /* CoreGraphics.framework in Frameworks */,
				C5596DBA17BD3CDF00EB9740 /* UIKit.framework in Frameworks */,
				C5596DB617BD3CDF00EB9740 /* Foundation.framework in Frameworks */,
			);
			runOnlyForDeploymentPostprocessing = 0;
		};
		C5596DD017BD3CDF00EB9740 /* Frameworks */ = {
			isa = PBXFrameworksBuildPhase;
			buildActionMask = 2147483647;
			files = (
				C5596DD517BD3CDF00EB9740 /* XCTest.framework in Frameworks */,
				C5596DD717BD3CDF00EB9740 /* UIKit.framework in Frameworks */,
				C5596DD617BD3CDF00EB9740 /* Foundation.framework in Frameworks */,
			);
			runOnlyForDeploymentPostprocessing = 0;
		};
/* End PBXFrameworksBuildPhase section */

/* Begin PBXGroup section */
		C519DB3117DD808700438E4E /* fontawesome */ = {
			isa = PBXGroup;
			children = (
				C519DB3217DD809600438E4E /* FontAwesome.ttf */,
				C519DB3317DD809600438E4E /* NSString+FontAwesome.h */,
				C519DB3417DD809600438E4E /* NSString+FontAwesome.m */,
			);
			name = fontawesome;
			sourceTree = "<group>";
		};
		C5596DA917BD3CDF00EB9740 = {
			isa = PBXGroup;
			children = (
				C5596DBB17BD3CDF00EB9740 /* offline_ios */,
				C5596DDA17BD3CDF00EB9740 /* offline_iosTests */,
				C5596DB417BD3CDF00EB9740 /* Frameworks */,
				C5596DB317BD3CDF00EB9740 /* Products */,
			);
			sourceTree = "<group>";
		};
		C5596DB317BD3CDF00EB9740 /* Products */ = {
			isa = PBXGroup;
			children = (
				C5596DB217BD3CDF00EB9740 /* offline_ios.app */,
				C5596DD317BD3CDF00EB9740 /* offline_iosTests.xctest */,
			);
			name = Products;
			sourceTree = "<group>";
		};
		C5596DB417BD3CDF00EB9740 /* Frameworks */ = {
			isa = PBXGroup;
			children = (
				C5596DB517BD3CDF00EB9740 /* Foundation.framework */,
				C5596DB717BD3CDF00EB9740 /* CoreGraphics.framework */,
				C5596DB917BD3CDF00EB9740 /* UIKit.framework */,
				C5596DD417BD3CDF00EB9740 /* XCTest.framework */,
			);
			name = Frameworks;
			sourceTree = "<group>";
		};
		C5596DBB17BD3CDF00EB9740 /* offline_ios */ = {
			isa = PBXGroup;
			children = (
				C519DB3117DD808700438E4E /* fontawesome */,
				C5596DC417BD3CDF00EB9740 /* OFFLINEAppDelegate.h */,
				C5596DC517BD3CDF00EB9740 /* OFFLINEAppDelegate.m */,
				C5596DC717BD3CDF00EB9740 /* Main.storyboard */,
				C5A1939117DAD78E0029E830 /* OFFLINELineData.h */,
				C5A1939217DAD78E0029E830 /* OFFLINELineData.m */,
				C5596DCA17BD3CDF00EB9740 /* OFFLINEViewController.h */,
				C5596DCB17BD3CDF00EB9740 /* OFFLINEViewController.m */,
				C5596E0E17C2DDDC00EB9740 /* OFFLINELineCell.h */,
				C5596E0F17C2DDDC00EB9740 /* OFFLINELineCell.m */,
				945DA89A17DE81A900AB285F /* OFFLINESearchResultsViewController.h */,
				945DA89B17DE81A900AB285F /* OFFLINESearchResultsViewController.m */,
				9433F69017DFFB9C001B1AD3 /* OFFLINEStopDetails.h */,
				9433F69117DFFB9C001B1AD3 /* OFFLINEStopDetails.m */,
				9433F6A017E23897001B1AD3 /* OFFLINEPlaceCell.h */,
				9433F6A117E23897001B1AD3 /* OFFLINEPlaceCell.m */,
				C5596DCD17BD3CDF00EB9740 /* Images.xcassets */,
				C5596DEB17BD3E6400EB9740 /* JSON Framework */,
				C5596DBC17BD3CDF00EB9740 /* Supporting Files */,
				945DA89717DE7EF300AB285F /* UIButtonHightlight.h */,
				945DA89817DE7EF300AB285F /* UIButtonHightlight.m */,
				9433F69317E13F17001B1AD3 /* UIBorderLabel.h */,
				9433F69417E13F17001B1AD3 /* UIBorderLabel.m */,
			);
			path = offline_ios;
			sourceTree = "<group>";
		};
		C5596DBC17BD3CDF00EB9740 /* Supporting Files */ = {
			isa = PBXGroup;
			children = (
				C5596DBD17BD3CDF00EB9740 /* offline_ios-Info.plist */,
				C5596DBE17BD3CDF00EB9740 /* InfoPlist.strings */,
				C5596DC117BD3CDF00EB9740 /* main.m */,
				C5596DC317BD3CDF00EB9740 /* offline_ios-Prefix.pch */,
			);
			name = "Supporting Files";
			sourceTree = "<group>";
		};
		C5596DDA17BD3CDF00EB9740 /* offline_iosTests */ = {
			isa = PBXGroup;
			children = (
				C5596DE017BD3CDF00EB9740 /* offline_iosTests.m */,
				C5596DDB17BD3CDF00EB9740 /* Supporting Files */,
			);
			path = offline_iosTests;
			sourceTree = "<group>";
		};
		C5596DDB17BD3CDF00EB9740 /* Supporting Files */ = {
			isa = PBXGroup;
			children = (
				C5596DDC17BD3CDF00EB9740 /* offline_iosTests-Info.plist */,
				C5596DDD17BD3CDF00EB9740 /* InfoPlist.strings */,
			);
			name = "Supporting Files";
			sourceTree = "<group>";
		};
		C5596DEB17BD3E6400EB9740 /* JSON Framework */ = {
			isa = PBXGroup;
			children = (
				C5596DEC17BD3E8100EB9740 /* SBJson.h */,
				C5596DED17BD3E8100EB9740 /* SBJsonParser.h */,
				C5596DEE17BD3E8100EB9740 /* SBJsonParser.m */,
				C5596DEF17BD3E8100EB9740 /* SBJsonStreamParser.h */,
				C5596DF017BD3E8100EB9740 /* SBJsonStreamParser.m */,
				C5596DF117BD3E8100EB9740 /* SBJsonStreamParserAccumulator.h */,
				C5596DF217BD3E8100EB9740 /* SBJsonStreamParserAccumulator.m */,
				C5596DF317BD3E8100EB9740 /* SBJsonStreamParserAdapter.h */,
				C5596DF417BD3E8100EB9740 /* SBJsonStreamParserAdapter.m */,
				C5596DF517BD3E8100EB9740 /* SBJsonStreamParserState.h */,
				C5596DF617BD3E8100EB9740 /* SBJsonStreamParserState.m */,
				C5596DF717BD3E8100EB9740 /* SBJsonStreamTokeniser.h */,
				C5596DF817BD3E8100EB9740 /* SBJsonStreamTokeniser.m */,
				C5596DF917BD3E8100EB9740 /* SBJsonStreamWriter.h */,
				C5596DFA17BD3E8100EB9740 /* SBJsonStreamWriter.m */,
				C5596DFB17BD3E8100EB9740 /* SBJsonStreamWriterAccumulator.h */,
				C5596DFC17BD3E8100EB9740 /* SBJsonStreamWriterAccumulator.m */,
				C5596DFD17BD3E8100EB9740 /* SBJsonStreamWriterState.h */,
				C5596DFE17BD3E8100EB9740 /* SBJsonStreamWriterState.m */,
				C5596DFF17BD3E8100EB9740 /* SBJsonWriter.h */,
				C5596E0017BD3E8100EB9740 /* SBJsonWriter.m */,
			);
			name = "JSON Framework";
			sourceTree = "<group>";
		};
/* End PBXGroup section */

/* Begin PBXNativeTarget section */
		C5596DB117BD3CDF00EB9740 /* offline_ios */ = {
			isa = PBXNativeTarget;
			buildConfigurationList = C5596DE417BD3CDF00EB9740 /* Build configuration list for PBXNativeTarget "offline_ios" */;
			buildPhases = (
				C5596DAE17BD3CDF00EB9740 /* Sources */,
				C5596DAF17BD3CDF00EB9740 /* Frameworks */,
				C5596DB017BD3CDF00EB9740 /* Resources */,
			);
			buildRules = (
			);
			dependencies = (
			);
			name = offline_ios;
			productName = offline_ios;
			productReference = C5596DB217BD3CDF00EB9740 /* offline_ios.app */;
			productType = "com.apple.product-type.application";
		};
		C5596DD217BD3CDF00EB9740 /* offline_iosTests */ = {
			isa = PBXNativeTarget;
			buildConfigurationList = C5596DE717BD3CDF00EB9740 /* Build configuration list for PBXNativeTarget "offline_iosTests" */;
			buildPhases = (
				C5596DCF17BD3CDF00EB9740 /* Sources */,
				C5596DD017BD3CDF00EB9740 /* Frameworks */,
				C5596DD117BD3CDF00EB9740 /* Resources */,
			);
			buildRules = (
			);
			dependencies = (
				C5596DD917BD3CDF00EB9740 /* PBXTargetDependency */,
			);
			name = offline_iosTests;
			productName = offline_iosTests;
			productReference = C5596DD317BD3CDF00EB9740 /* offline_iosTests.xctest */;
			productType = "com.apple.product-type.bundle.unit-test";
		};
/* End PBXNativeTarget section */

/* Begin PBXProject section */
		C5596DAA17BD3CDF00EB9740 /* Project object */ = {
			isa = PBXProject;
			attributes = {
				CLASSPREFIX = OFFLINE;
				LastUpgradeCheck = 0500;
				ORGANIZATIONNAME = Geniot;
				TargetAttributes = {
					C5596DD217BD3CDF00EB9740 = {
						TestTargetID = C5596DB117BD3CDF00EB9740;
					};
				};
			};
			buildConfigurationList = C5596DAD17BD3CDF00EB9740 /* Build configuration list for PBXProject "offline_ios" */;
			compatibilityVersion = "Xcode 3.2";
			developmentRegion = English;
			hasScannedForEncodings = 0;
			knownRegions = (
				en,
				Base,
			);
			mainGroup = C5596DA917BD3CDF00EB9740;
			productRefGroup = C5596DB317BD3CDF00EB9740 /* Products */;
			projectDirPath = "";
			projectRoot = "";
			targets = (
				C5596DB117BD3CDF00EB9740 /* offline_ios */,
				C5596DD217BD3CDF00EB9740 /* offline_iosTests */,
			);
		};
/* End PBXProject section */

/* Begin PBXResourcesBuildPhase section */
		C5596DB017BD3CDF00EB9740 /* Resources */ = {
			isa = PBXResourcesBuildPhase;
			buildActionMask = 2147483647;
			files = (
				C5596DCE17BD3CDF00EB9740 /* Images.xcassets in Resources */,
				C5596DC017BD3CDF00EB9740 /* InfoPlist.strings in Resources */,
				C5596DC917BD3CDF00EB9740 /* Main.storyboard in Resources */,
				C519DB3517DD809600438E4E /* FontAwesome.ttf in Resources */,
			);
			runOnlyForDeploymentPostprocessing = 0;
		};
		C5596DD117BD3CDF00EB9740 /* Resources */ = {
			isa = PBXResourcesBuildPhase;
			buildActionMask = 2147483647;
			files = (
				C5596DDF17BD3CDF00EB9740 /* InfoPlist.strings in Resources */,
			);
			runOnlyForDeploymentPostprocessing = 0;
		};
/* End PBXResourcesBuildPhase section */

/* Begin PBXSourcesBuildPhase section */
		C5596DAE17BD3CDF00EB9740 /* Sources */ = {
			isa = PBXSourcesBuildPhase;
			buildActionMask = 2147483647;
			files = (
				C5596DC617BD3CDF00EB9740 /* OFFLINEAppDelegate.m in Sources */,
				C5596E0A17BD3E8100EB9740 /* SBJsonWriter.m in Sources */,
				C5596E0417BD3E8100EB9740 /* SBJsonStreamParserAdapter.m in Sources */,
				945DA89C17DE81A900AB285F /* OFFLINESearchResultsViewController.m in Sources */,
				C5596E0117BD3E8100EB9740 /* SBJsonParser.m in Sources */,
				C5596E0717BD3E8100EB9740 /* SBJsonStreamWriter.m in Sources */,
				9433F6A217E23897001B1AD3 /* OFFLINEPlaceCell.m in Sources */,
				C5596E0617BD3E8100EB9740 /* SBJsonStreamTokeniser.m in Sources */,
				945DA89917DE7EF300AB285F /* UIButtonHightlight.m in Sources */,
				9433F69217DFFB9C001B1AD3 /* OFFLINEStopDetails.m in Sources */,
				C5596E0317BD3E8100EB9740 /* SBJsonStreamParserAccumulator.m in Sources */,
				C5596DC217BD3CDF00EB9740 /* main.m in Sources */,
				C5A1939317DAD78E0029E830 /* OFFLINELineData.m in Sources */,
				C5596E0517BD3E8100EB9740 /* SBJsonStreamParserState.m in Sources */,
				C5596E1017C2DDDC00EB9740 /* OFFLINELineCell.m in Sources */,
				9433F69517E13F17001B1AD3 /* UIBorderLabel.m in Sources */,
				C5596E0817BD3E8100EB9740 /* SBJsonStreamWriterAccumulator.m in Sources */,
				C519DB3617DD809600438E4E /* NSString+FontAwesome.m in Sources */,
				C5596E0917BD3E8100EB9740 /* SBJsonStreamWriterState.m in Sources */,
				C5596DCC17BD3CDF00EB9740 /* OFFLINEViewController.m in Sources */,
				C5596E0217BD3E8100EB9740 /* SBJsonStreamParser.m in Sources */,
			);
			runOnlyForDeploymentPostprocessing = 0;
		};
		C5596DCF17BD3CDF00EB9740 /* Sources */ = {
			isa = PBXSourcesBuildPhase;
			buildActionMask = 2147483647;
			files = (
				C5596DE117BD3CDF00EB9740 /* offline_iosTests.m in Sources */,
			);
			runOnlyForDeploymentPostprocessing = 0;
		};
/* End PBXSourcesBuildPhase section */

/* Begin PBXTargetDependency section */
		C5596DD917BD3CDF00EB9740 /* PBXTargetDependency */ = {
			isa = PBXTargetDependency;
			target = C5596DB117BD3CDF00EB9740 /* offline_ios */;
			targetProxy = C5596DD817BD3CDF00EB9740 /* PBXContainerItemProxy */;
		};
/* End PBXTargetDependency section */

/* Begin PBXVariantGroup section */
		C5596DBE17BD3CDF00EB9740 /* InfoPlist.strings */ = {
			isa = PBXVariantGroup;
			children = (
				C5596DBF17BD3CDF00EB9740 /* en */,
			);
			name = InfoPlist.strings;
			sourceTree = "<group>";
		};
		C5596DC717BD3CDF00EB9740 /* Main.storyboard */ = {
			isa = PBXVariantGroup;
			children = (
				C5596DC817BD3CDF00EB9740 /* Base */,
			);
			name = Main.storyboard;
			sourceTree = "<group>";
		};
		C5596DDD17BD3CDF00EB9740 /* InfoPlist.strings */ = {
			isa = PBXVariantGroup;
			children = (
				C5596DDE17BD3CDF00EB9740 /* en */,
			);
			name = InfoPlist.strings;
			sourceTree = "<group>";
		};
/* End PBXVariantGroup section */

/* Begin XCBuildConfiguration section */
		C5596DE217BD3CDF00EB9740 /* Debug */ = {
			isa = XCBuildConfiguration;
			buildSettings = {
				ALWAYS_SEARCH_USER_PATHS = NO;
				CLANG_CXX_LANGUAGE_STANDARD = "gnu++0x";
				CLANG_CXX_LIBRARY = "libc++";
				CLANG_ENABLE_MODULES = YES;
				CLANG_ENABLE_OBJC_ARC = YES;
				CLANG_WARN_BOOL_CONVERSION = YES;
				CLANG_WARN_CONSTANT_CONVERSION = YES;
				CLANG_WARN_DIRECT_OBJC_ISA_USAGE = YES_ERROR;
				CLANG_WARN_EMPTY_BODY = YES;
				CLANG_WARN_ENUM_CONVERSION = YES;
				CLANG_WARN_INT_CONVERSION = YES;
				CLANG_WARN_OBJC_ROOT_CLASS = YES_ERROR;
				CLANG_WARN__DUPLICATE_METHOD_MATCH = YES;
				"CODE_SIGN_IDENTITY[sdk=iphoneos*]" = "iPhone Developer";
				COPY_PHASE_STRIP = NO;
				GCC_C_LANGUAGE_STANDARD = gnu99;
				GCC_DYNAMIC_NO_PIC = NO;
				GCC_OPTIMIZATION_LEVEL = 0;
				GCC_PREPROCESSOR_DEFINITIONS = (
					"DEBUG=1",
					"$(inherited)",
				);
				GCC_SYMBOLS_PRIVATE_EXTERN = NO;
				GCC_WARN_ABOUT_RETURN_TYPE = YES_ERROR;
				GCC_WARN_UNDECLARED_SELECTOR = YES;
				GCC_WARN_UNINITIALIZED_AUTOS = YES;
				GCC_WARN_UNUSED_FUNCTION = YES;
				GCC_WARN_UNUSED_VARIABLE = YES;
				IPHONEOS_DEPLOYMENT_TARGET = 7.0;
				ONLY_ACTIVE_ARCH = YES;
				SDKROOT = iphoneos;
			};
			name = Debug;
		};
		C5596DE317BD3CDF00EB9740 /* Release */ = {
			isa = XCBuildConfiguration;
			buildSettings = {
				ALWAYS_SEARCH_USER_PATHS = NO;
				CLANG_CXX_LANGUAGE_STANDARD = "gnu++0x";
				CLANG_CXX_LIBRARY = "libc++";
				CLANG_ENABLE_MODULES = YES;
				CLANG_ENABLE_OBJC_ARC = YES;
				CLANG_WARN_BOOL_CONVERSION = YES;
				CLANG_WARN_CONSTANT_CONVERSION = YES;
				CLANG_WARN_DIRECT_OBJC_ISA_USAGE = YES_ERROR;
				CLANG_WARN_EMPTY_BODY = YES;
				CLANG_WARN_ENUM_CONVERSION = YES;
				CLANG_WARN_INT_CONVERSION = YES;
				CLANG_WARN_OBJC_ROOT_CLASS = YES_ERROR;
				CLANG_WARN__DUPLICATE_METHOD_MATCH = YES;
				"CODE_SIGN_IDENTITY[sdk=iphoneos*]" = "iPhone Developer";
				COPY_PHASE_STRIP = YES;
				ENABLE_NS_ASSERTIONS = NO;
				GCC_C_LANGUAGE_STANDARD = gnu99;
				GCC_WARN_ABOUT_RETURN_TYPE = YES_ERROR;
				GCC_WARN_UNDECLARED_SELECTOR = YES;
				GCC_WARN_UNINITIALIZED_AUTOS = YES;
				GCC_WARN_UNUSED_FUNCTION = YES;
				GCC_WARN_UNUSED_VARIABLE = YES;
				IPHONEOS_DEPLOYMENT_TARGET = 7.0;
				SDKROOT = iphoneos;
				VALIDATE_PRODUCT = YES;
			};
			name = Release;
		};
		C5596DE517BD3CDF00EB9740 /* Debug */ = {
			isa = XCBuildConfiguration;
			buildSettings = {
				ASSETCATALOG_COMPILER_APPICON_NAME = AppIcon;
				ASSETCATALOG_COMPILER_LAUNCHIMAGE_NAME = LaunchImage;
				GCC_PRECOMPILE_PREFIX_HEADER = YES;
				GCC_PREFIX_HEADER = "offline_ios/offline_ios-Prefix.pch";
				INFOPLIST_FILE = "offline_ios/offline_ios-Info.plist";
				PRODUCT_NAME = "$(TARGET_NAME)";
				WRAPPER_EXTENSION = app;
			};
			name = Debug;
		};
		C5596DE617BD3CDF00EB9740 /* Release */ = {
			isa = XCBuildConfiguration;
			buildSettings = {
				ASSETCATALOG_COMPILER_APPICON_NAME = AppIcon;
				ASSETCATALOG_COMPILER_LAUNCHIMAGE_NAME = LaunchImage;
				GCC_PRECOMPILE_PREFIX_HEADER = YES;
				GCC_PREFIX_HEADER = "offline_ios/offline_ios-Prefix.pch";
				INFOPLIST_FILE = "offline_ios/offline_ios-Info.plist";
				PRODUCT_NAME = "$(TARGET_NAME)";
				WRAPPER_EXTENSION = app;
			};
			name = Release;
		};
		C5596DE817BD3CDF00EB9740 /* Debug */ = {
			isa = XCBuildConfiguration;
			buildSettings = {
				BUNDLE_LOADER = "$(BUILT_PRODUCTS_DIR)/offline_ios.app/offline_ios";
				FRAMEWORK_SEARCH_PATHS = (
					"$(SDKROOT)/Developer/Library/Frameworks",
					"$(inherited)",
					"$(DEVELOPER_FRAMEWORKS_DIR)",
				);
				GCC_PRECOMPILE_PREFIX_HEADER = YES;
				GCC_PREFIX_HEADER = "offline_ios/offline_ios-Prefix.pch";
				GCC_PREPROCESSOR_DEFINITIONS = (
					"DEBUG=1",
					"$(inherited)",
				);
				INFOPLIST_FILE = "offline_iosTests/offline_iosTests-Info.plist";
				PRODUCT_NAME = "$(TARGET_NAME)";
				TEST_HOST = "$(BUNDLE_LOADER)";
				WRAPPER_EXTENSION = xctest;
			};
			name = Debug;
		};
		C5596DE917BD3CDF00EB9740 /* Release */ = {
			isa = XCBuildConfiguration;
			buildSettings = {
				BUNDLE_LOADER = "$(BUILT_PRODUCTS_DIR)/offline_ios.app/offline_ios";
				FRAMEWORK_SEARCH_PATHS = (
					"$(SDKROOT)/Developer/Library/Frameworks",
					"$(inherited)",
					"$(DEVELOPER_FRAMEWORKS_DIR)",
				);
				GCC_PRECOMPILE_PREFIX_HEADER = YES;
				GCC_PREFIX_HEADER = "offline_ios/offline_ios-Prefix.pch";
				INFOPLIST_FILE = "offline_iosTests/offline_iosTests-Info.plist";
				PRODUCT_NAME = "$(TARGET_NAME)";
				TEST_HOST = "$(BUNDLE_LOADER)";
				WRAPPER_EXTENSION = xctest;
			};
			name = Release;
		};
/* End XCBuildConfiguration section */

/* Begin XCConfigurationList section */
		C5596DAD17BD3CDF00EB9740 /* Build configuration list for PBXProject "offline_ios" */ = {
			isa = XCConfigurationList;
			buildConfigurations = (
				C5596DE217BD3CDF00EB9740 /* Debug */,
				C5596DE317BD3CDF00EB9740 /* Release */,
			);
			defaultConfigurationIsVisible = 0;
			defaultConfigurationName = Release;
		};
		C5596DE417BD3CDF00EB9740 /* Build configuration list for PBXNativeTarget "offline_ios" */ = {
			isa = XCConfigurationList;
			buildConfigurations = (
				C5596DE517BD3CDF00EB9740 /* Debug */,
				C5596DE617BD3CDF00EB9740 /* Release */,
			);
			defaultConfigurationIsVisible = 0;
			defaultConfigurationName = Release;
		};
		C5596DE717BD3CDF00EB9740 /* Build configuration list for PBXNativeTarget "offline_iosTests" */ = {
			isa = XCConfigurationList;
			buildConfigurations = (
				C5596DE817BD3CDF00EB9740 /* Debug */,
				C5596DE917BD3CDF00EB9740 /* Release */,
			);
			defaultConfigurationIsVisible = 0;
			defaultConfigurationName = Release;
		};
/* End XCConfigurationList section */
	};
	rootObject = C5596DAA17BD3CDF00EB9740 /* Project object */;
}
